// !$*UTF8*$!
{
	archiveVersion = 1;
	classes = {
	};
	objectVersion = 48;
	objects = {

/* Begin PBXBuildFile section */
		B96949241F7C5E120054AB07 /* AppDelegate.swift in Sources */ = {isa = PBXBuildFile; fileRef = B96949231F7C5E120054AB07 /* AppDelegate.swift */; };
		B96949261F7C5E120054AB07 /* ViewController.swift in Sources */ = {isa = PBXBuildFile; fileRef = B96949251F7C5E120054AB07 /* ViewController.swift */; };
		B96949291F7C5E120054AB07 /* Main.storyboard in Resources */ = {isa = PBXBuildFile; fileRef = B96949271F7C5E120054AB07 /* Main.storyboard */; };
		B969492B1F7C5E120054AB07 /* Assets.xcassets in Resources */ = {isa = PBXBuildFile; fileRef = B969492A1F7C5E120054AB07 /* Assets.xcassets */; };
		B969492E1F7C5E120054AB07 /* LaunchScreen.storyboard in Resources */ = {isa = PBXBuildFile; fileRef = B969492C1F7C5E120054AB07 /* LaunchScreen.storyboard */; };
		B96949391F7C5E120054AB07 /* Mood_TrackerTests.swift in Sources */ = {isa = PBXBuildFile; fileRef = B96949381F7C5E120054AB07 /* Mood_TrackerTests.swift */; };
		B96949441F7C5E120054AB07 /* Mood_TrackerUITests.swift in Sources */ = {isa = PBXBuildFile; fileRef = B96949431F7C5E120054AB07 /* Mood_TrackerUITests.swift */; };
		B98FD6801F845B0300016988 /* AddFriendVC.swift in Sources */ = {isa = PBXBuildFile; fileRef = B98FD67F1F845B0300016988 /* AddFriendVC.swift */; };
		B99C70921F83FE5B009CD7E1 /* ListFriendTableViewCell.swift in Sources */ = {isa = PBXBuildFile; fileRef = B99C70911F83FE5B009CD7E1 /* ListFriendTableViewCell.swift */; };
		B9EC54E21F7EDCCF00CB672D /* ListFriendsTableViewController.swift in Sources */ = {isa = PBXBuildFile; fileRef = B9EC54E11F7EDCCF00CB672D /* ListFriendsTableViewController.swift */; };
		B9EC54E41F7EE18900CB672D /* ChooseMoodTableViewController.swift in Sources */ = {isa = PBXBuildFile; fileRef = B9EC54E31F7EE18900CB672D /* ChooseMoodTableViewController.swift */; };
/* End PBXBuildFile section */

/* Begin PBXContainerItemProxy section */
		B96949351F7C5E120054AB07 /* PBXContainerItemProxy */ = {
			isa = PBXContainerItemProxy;
			containerPortal = B96949181F7C5E120054AB07 /* Project object */;
			proxyType = 1;
			remoteGlobalIDString = B969491F1F7C5E120054AB07;
			remoteInfo = "Mood Tracker";
		};
		B96949401F7C5E120054AB07 /* PBXContainerItemProxy */ = {
			isa = PBXContainerItemProxy;
			containerPortal = B96949181F7C5E120054AB07 /* Project object */;
			proxyType = 1;
			remoteGlobalIDString = B969491F1F7C5E120054AB07;
			remoteInfo = "Mood Tracker";
		};
/* End PBXContainerItemProxy section */

/* Begin PBXFileReference section */
		B96949201F7C5E120054AB07 /* Mood Tracker.app */ = {isa = PBXFileReference; explicitFileType = wrapper.application; includeInIndex = 0; path = "Mood Tracker.app"; sourceTree = BUILT_PRODUCTS_DIR; };
		B96949231F7C5E120054AB07 /* AppDelegate.swift */ = {isa = PBXFileReference; lastKnownFileType = sourcecode.swift; path = AppDelegate.swift; sourceTree = "<group>"; };
		B96949251F7C5E120054AB07 /* ViewController.swift */ = {isa = PBXFileReference; lastKnownFileType = sourcecode.swift; path = ViewController.swift; sourceTree = "<group>"; };
		B96949281F7C5E120054AB07 /* Base */ = {isa = PBXFileReference; lastKnownFileType = file.storyboard; name = Base; path = Base.lproj/Main.storyboard; sourceTree = "<group>"; };
		B969492A1F7C5E120054AB07 /* Assets.xcassets */ = {isa = PBXFileReference; lastKnownFileType = folder.assetcatalog; path = Assets.xcassets; sourceTree = "<group>"; };
		B969492D1F7C5E120054AB07 /* Base */ = {isa = PBXFileReference; lastKnownFileType = file.storyboard; name = Base; path = Base.lproj/LaunchScreen.storyboard; sourceTree = "<group>"; };
		B969492F1F7C5E120054AB07 /* Info.plist */ = {isa = PBXFileReference; lastKnownFileType = text.plist.xml; path = Info.plist; sourceTree = "<group>"; };
		B96949341F7C5E120054AB07 /* Mood TrackerTests.xctest */ = {isa = PBXFileReference; explicitFileType = wrapper.cfbundle; includeInIndex = 0; path = "Mood TrackerTests.xctest"; sourceTree = BUILT_PRODUCTS_DIR; };
		B96949381F7C5E120054AB07 /* Mood_TrackerTests.swift */ = {isa = PBXFileReference; lastKnownFileType = sourcecode.swift; path = Mood_TrackerTests.swift; sourceTree = "<group>"; };
		B969493A1F7C5E120054AB07 /* Info.plist */ = {isa = PBXFileReference; lastKnownFileType = text.plist.xml; path = Info.plist; sourceTree = "<group>"; };
		B969493F1F7C5E120054AB07 /* Mood TrackerUITests.xctest */ = {isa = PBXFileReference; explicitFileType = wrapper.cfbundle; includeInIndex = 0; path = "Mood TrackerUITests.xctest"; sourceTree = BUILT_PRODUCTS_DIR; };
		B96949431F7C5E120054AB07 /* Mood_TrackerUITests.swift */ = {isa = PBXFileReference; lastKnownFileType = sourcecode.swift; path = Mood_TrackerUITests.swift; sourceTree = "<group>"; };
		B96949451F7C5E120054AB07 /* Info.plist */ = {isa = PBXFileReference; lastKnownFileType = text.plist.xml; path = Info.plist; sourceTree = "<group>"; };
		B98FD67F1F845B0300016988 /* AddFriendVC.swift */ = {isa = PBXFileReference; lastKnownFileType = sourcecode.swift; path = AddFriendVC.swift; sourceTree = "<group>"; };
		B99C70911F83FE5B009CD7E1 /* ListFriendTableViewCell.swift */ = {isa = PBXFileReference; fileEncoding = 4; lastKnownFileType = sourcecode.swift; path = ListFriendTableViewCell.swift; sourceTree = "<group>"; };
		B9EC54E11F7EDCCF00CB672D /* ListFriendsTableViewController.swift */ = {isa = PBXFileReference; lastKnownFileType = sourcecode.swift; path = ListFriendsTableViewController.swift; sourceTree = "<group>"; };
		B9EC54E31F7EE18900CB672D /* ChooseMoodTableViewController.swift */ = {isa = PBXFileReference; lastKnownFileType = sourcecode.swift; path = ChooseMoodTableViewController.swift; sourceTree = "<group>"; };
/* End PBXFileReference section */

/* Begin PBXFrameworksBuildPhase section */
		B969491D1F7C5E120054AB07 /* Frameworks */ = {
			isa = PBXFrameworksBuildPhase;
			buildActionMask = 2147483647;
			files = (
			);
			runOnlyForDeploymentPostprocessing = 0;
		};
		B96949311F7C5E120054AB07 /* Frameworks */ = {
			isa = PBXFrameworksBuildPhase;
			buildActionMask = 2147483647;
			files = (
			);
			runOnlyForDeploymentPostprocessing = 0;
		};
		B969493C1F7C5E120054AB07 /* Frameworks */ = {
			isa = PBXFrameworksBuildPhase;
			buildActionMask = 2147483647;
			files = (
			);
			runOnlyForDeploymentPostprocessing = 0;
		};
/* End PBXFrameworksBuildPhase section */

/* Begin PBXGroup section */
		B96949171F7C5E120054AB07 = {
			isa = PBXGroup;
			children = (
				B96949221F7C5E120054AB07 /* Mood Tracker */,
				B96949371F7C5E120054AB07 /* Mood TrackerTests */,
				B96949421F7C5E120054AB07 /* Mood TrackerUITests */,
				B96949211F7C5E120054AB07 /* Products */,
			);
			sourceTree = "<group>";
		};
		B96949211F7C5E120054AB07 /* Products */ = {
			isa = PBXGroup;
			children = (
				B96949201F7C5E120054AB07 /* Mood Tracker.app */,
				B96949341F7C5E120054AB07 /* Mood TrackerTests.xctest */,
				B969493F1F7C5E120054AB07 /* Mood TrackerUITests.xctest */,
			);
			name = Products;
			sourceTree = "<group>";
		};
		B96949221F7C5E120054AB07 /* Mood Tracker */ = {
			isa = PBXGroup;
			children = (
				B99C70911F83FE5B009CD7E1 /* ListFriendTableViewCell.swift */,
				B96949231F7C5E120054AB07 /* AppDelegate.swift */,
				B96949251F7C5E120054AB07 /* ViewController.swift */,
				B9EC54E11F7EDCCF00CB672D /* ListFriendsTableViewController.swift */,
				B9EC54E31F7EE18900CB672D /* ChooseMoodTableViewController.swift */,
				B98FD67F1F845B0300016988 /* AddFriendVC.swift */,
				B96949271F7C5E120054AB07 /* Main.storyboard */,
				B969492A1F7C5E120054AB07 /* Assets.xcassets */,
				B969492C1F7C5E120054AB07 /* LaunchScreen.storyboard */,
				B969492F1F7C5E120054AB07 /* Info.plist */,
			);
			path = "Mood Tracker";
			sourceTree = "<group>";
		};
		B96949371F7C5E120054AB07 /* Mood TrackerTests */ = {
			isa = PBXGroup;
			children = (
				B96949381F7C5E120054AB07 /* Mood_TrackerTests.swift */,
				B969493A1F7C5E120054AB07 /* Info.plist */,
			);
			path = "Mood TrackerTests";
			sourceTree = "<group>";
		};
		B96949421F7C5E120054AB07 /* Mood TrackerUITests */ = {
			isa = PBXGroup;
			children = (
				B96949431F7C5E120054AB07 /* Mood_TrackerUITests.swift */,
				B96949451F7C5E120054AB07 /* Info.plist */,
			);
			path = "Mood TrackerUITests";
			sourceTree = "<group>";
		};
/* End PBXGroup section */

/* Begin PBXNativeTarget section */
		B969491F1F7C5E120054AB07 /* Mood Tracker */ = {
			isa = PBXNativeTarget;
			buildConfigurationList = B96949481F7C5E120054AB07 /* Build configuration list for PBXNativeTarget "Mood Tracker" */;
			buildPhases = (
				B969491C1F7C5E120054AB07 /* Sources */,
				B969491D1F7C5E120054AB07 /* Frameworks */,
				B969491E1F7C5E120054AB07 /* Resources */,
			);
			buildRules = (
			);
			dependencies = (
			);
			name = "Mood Tracker";
			productName = "Mood Tracker";
			productReference = B96949201F7C5E120054AB07 /* Mood Tracker.app */;
			productType = "com.apple.product-type.application";
		};
		B96949331F7C5E120054AB07 /* Mood TrackerTests */ = {
			isa = PBXNativeTarget;
			buildConfigurationList = B969494B1F7C5E120054AB07 /* Build configuration list for PBXNativeTarget "Mood TrackerTests" */;
			buildPhases = (
				B96949301F7C5E120054AB07 /* Sources */,
				B96949311F7C5E120054AB07 /* Frameworks */,
				B96949321F7C5E120054AB07 /* Resources */,
			);
			buildRules = (
			);
			dependencies = (
				B96949361F7C5E120054AB07 /* PBXTargetDependency */,
			);
			name = "Mood TrackerTests";
			productName = "Mood TrackerTests";
			productReference = B96949341F7C5E120054AB07 /* Mood TrackerTests.xctest */;
			productType = "com.apple.product-type.bundle.unit-test";
		};
		B969493E1F7C5E120054AB07 /* Mood TrackerUITests */ = {
			isa = PBXNativeTarget;
			buildConfigurationList = B969494E1F7C5E120054AB07 /* Build configuration list for PBXNativeTarget "Mood TrackerUITests" */;
			buildPhases = (
				B969493B1F7C5E120054AB07 /* Sources */,
				B969493C1F7C5E120054AB07 /* Frameworks */,
				B969493D1F7C5E120054AB07 /* Resources */,
			);
			buildRules = (
			);
			dependencies = (
				B96949411F7C5E120054AB07 /* PBXTargetDependency */,
			);
			name = "Mood TrackerUITests";
			productName = "Mood TrackerUITests";
			productReference = B969493F1F7C5E120054AB07 /* Mood TrackerUITests.xctest */;
			productType = "com.apple.product-type.bundle.ui-testing";
		};
/* End PBXNativeTarget section */

/* Begin PBXProject section */
		B96949181F7C5E120054AB07 /* Project object */ = {
			isa = PBXProject;
			attributes = {
				LastSwiftUpdateCheck = 0900;
				LastUpgradeCheck = 0900;
				ORGANIZATIONNAME = djchai;
				TargetAttributes = {
					B969491F1F7C5E120054AB07 = {
						CreatedOnToolsVersion = 9.0;
						ProvisioningStyle = Automatic;
					};
					B96949331F7C5E120054AB07 = {
						CreatedOnToolsVersion = 9.0;
						ProvisioningStyle = Automatic;
						TestTargetID = B969491F1F7C5E120054AB07;
					};
					B969493E1F7C5E120054AB07 = {
						CreatedOnToolsVersion = 9.0;
						ProvisioningStyle = Automatic;
						TestTargetID = B969491F1F7C5E120054AB07;
					};
				};
			};
			buildConfigurationList = B969491B1F7C5E120054AB07 /* Build configuration list for PBXProject "Mood Tracker" */;
			compatibilityVersion = "Xcode 8.0";
			developmentRegion = en;
			hasScannedForEncodings = 0;
			knownRegions = (
				en,
				Base,
			);
			mainGroup = B96949171F7C5E120054AB07;
			productRefGroup = B96949211F7C5E120054AB07 /* Products */;
			projectDirPath = "";
			projectRoot = "";
			targets = (
				B969491F1F7C5E120054AB07 /* Mood Tracker */,
				B96949331F7C5E120054AB07 /* Mood TrackerTests */,
				B969493E1F7C5E120054AB07 /* Mood TrackerUITests */,
			);
		};
/* End PBXProject section */

/* Begin PBXResourcesBuildPhase section */
		B969491E1F7C5E120054AB07 /* Resources */ = {
			isa = PBXResourcesBuildPhase;
			buildActionMask = 2147483647;
			files = (
				B969492E1F7C5E120054AB07 /* LaunchScreen.storyboard in Resources */,
				B969492B1F7C5E120054AB07 /* Assets.xcassets in Resources */,
				B96949291F7C5E120054AB07 /* Main.storyboard in Resources */,
			);
			runOnlyForDeploymentPostprocessing = 0;
		};
		B96949321F7C5E120054AB07 /* Resources */ = {
			isa = PBXResourcesBuildPhase;
			buildActionMask = 2147483647;
			files = (
			);
			runOnlyForDeploymentPostprocessing = 0;
		};
		B969493D1F7C5E120054AB07 /* Resources */ = {
			isa = PBXResourcesBuildPhase;
			buildActionMask = 2147483647;
			files = (
			);
			runOnlyForDeploymentPostprocessing = 0;
		};
/* End PBXResourcesBuildPhase section */

/* Begin PBXSourcesBuildPhase section */
		B969491C1F7C5E120054AB07 /* Sources */ = {
			isa = PBXSourcesBuildPhase;
			buildActionMask = 2147483647;
			files = (
				B98FD6801F845B0300016988 /* AddFriendVC.swift in Sources */,
				B96949261F7C5E120054AB07 /* ViewController.swift in Sources */,
				B9EC54E41F7EE18900CB672D /* ChooseMoodTableViewController.swift in Sources */,
				B99C70921F83FE5B009CD7E1 /* ListFriendTableViewCell.swift in Sources */,
				B9EC54E21F7EDCCF00CB672D /* ListFriendsTableViewController.swift in Sources */,
				B96949241F7C5E120054AB07 /* AppDelegate.swift in Sources */,
			);
			runOnlyForDeploymentPostprocessing = 0;
		};
		B96949301F7C5E120054AB07 /* Sources */ = {
			isa = PBXSourcesBuildPhase;
			buildActionMask = 2147483647;
			files = (
				B96949391F7C5E120054AB07 /* Mood_TrackerTests.swift in Sources */,
			);
			runOnlyForDeploymentPostprocessing = 0;
		};
		B969493B1F7C5E120054AB07 /* Sources */ = {
			isa = PBXSourcesBuildPhase;
			buildActionMask = 2147483647;
			files = (
				B96949441F7C5E120054AB07 /* Mood_TrackerUITests.swift in Sources */,
			);
			runOnlyForDeploymentPostprocessing = 0;
		};
/* End PBXSourcesBuildPhase section */

/* Begin PBXTargetDependency section */
		B96949361F7C5E120054AB07 /* PBXTargetDependency */ = {
			isa = PBXTargetDependency;
			target = B969491F1F7C5E120054AB07 /* Mood Tracker */;
			targetProxy = B96949351F7C5E120054AB07 /* PBXContainerItemProxy */;
		};
		B96949411F7C5E120054AB07 /* PBXTargetDependency */ = {
			isa = PBXTargetDependency;
			target = B969491F1F7C5E120054AB07 /* Mood Tracker */;
			targetProxy = B96949401F7C5E120054AB07 /* PBXContainerItemProxy */;
		};
/* End PBXTargetDependency section */

/* Begin PBXVariantGroup section */
		B96949271F7C5E120054AB07 /* Main.storyboard */ = {
			isa = PBXVariantGroup;
			children = (
				B96949281F7C5E120054AB07 /* Base */,
			);
			name = Main.storyboard;
			sourceTree = "<group>";
		};
		B969492C1F7C5E120054AB07 /* LaunchScreen.storyboard */ = {
			isa = PBXVariantGroup;
			children = (
				B969492D1F7C5E120054AB07 /* Base */,
			);
			name = LaunchScreen.storyboard;
			sourceTree = "<group>";
		};
/* End PBXVariantGroup section */

/* Begin XCBuildConfiguration section */
		B96949461F7C5E120054AB07 /* Debug */ = {
			isa = XCBuildConfiguration;
			buildSettings = {
				ALWAYS_SEARCH_USER_PATHS = NO;
				CLANG_ANALYZER_NONNULL = YES;
				CLANG_ANALYZER_NUMBER_OBJECT_CONVERSION = YES_AGGRESSIVE;
				CLANG_CXX_LANGUAGE_STANDARD = "gnu++14";
				CLANG_CXX_LIBRARY = "libc++";
				CLANG_ENABLE_MODULES = YES;
				CLANG_ENABLE_OBJC_ARC = YES;
				CLANG_WARN_BLOCK_CAPTURE_AUTORELEASING = YES;
				CLANG_WARN_BOOL_CONVERSION = YES;
				CLANG_WARN_COMMA = YES;
				CLANG_WARN_CONSTANT_CONVERSION = YES;
				CLANG_WARN_DIRECT_OBJC_ISA_USAGE = YES_ERROR;
				CLANG_WARN_DOCUMENTATION_COMMENTS = YES;
				CLANG_WARN_EMPTY_BODY = YES;
				CLANG_WARN_ENUM_CONVERSION = YES;
				CLANG_WARN_INFINITE_RECURSION = YES;
				CLANG_WARN_INT_CONVERSION = YES;
				CLANG_WARN_NON_LITERAL_NULL_CONVERSION = YES;
				CLANG_WARN_OBJC_LITERAL_CONVERSION = YES;
				CLANG_WARN_OBJC_ROOT_CLASS = YES_ERROR;
				CLANG_WARN_RANGE_LOOP_ANALYSIS = YES;
				CLANG_WARN_STRICT_PROTOTYPES = YES;
				CLANG_WARN_SUSPICIOUS_MOVE = YES;
				CLANG_WARN_UNGUARDED_AVAILABILITY = YES_AGGRESSIVE;
				CLANG_WARN_UNREACHABLE_CODE = YES;
				CLANG_WARN__DUPLICATE_METHOD_MATCH = YES;
				CODE_SIGN_IDENTITY = "iPhone Developer";
				COPY_PHASE_STRIP = NO;
				DEBUG_INFORMATION_FORMAT = dwarf;
				ENABLE_STRICT_OBJC_MSGSEND = YES;
				ENABLE_TESTABILITY = YES;
				GCC_C_LANGUAGE_STANDARD = gnu11;
				GCC_DYNAMIC_NO_PIC = NO;
				GCC_NO_COMMON_BLOCKS = YES;
				GCC_OPTIMIZATION_LEVEL = 0;
				GCC_PREPROCESSOR_DEFINITIONS = (
					"DEBUG=1",
					"$(inherited)",
				);
				GCC_WARN_64_TO_32_BIT_CONVERSION = YES;
				GCC_WARN_ABOUT_RETURN_TYPE = YES_ERROR;
				GCC_WARN_UNDECLARED_SELECTOR = YES;
				GCC_WARN_UNINITIALIZED_AUTOS = YES_AGGRESSIVE;
				GCC_WARN_UNUSED_FUNCTION = YES;
				GCC_WARN_UNUSED_VARIABLE = YES;
				IPHONEOS_DEPLOYMENT_TARGET = 11.0;
				MTL_ENABLE_DEBUG_INFO = YES;
				ONLY_ACTIVE_ARCH = YES;
				SDKROOT = iphoneos;
				SWIFT_ACTIVE_COMPILATION_CONDITIONS = DEBUG;
				SWIFT_OPTIMIZATION_LEVEL = "-Onone";
			};
			name = Debug;
		};
		B96949471F7C5E120054AB07 /* Release */ = {
			isa = XCBuildConfiguration;
			buildSettings = {
				ALWAYS_SEARCH_USER_PATHS = NO;
				CLANG_ANALYZER_NONNULL = YES;
				CLANG_ANALYZER_NUMBER_OBJECT_CONVERSION = YES_AGGRESSIVE;
				CLANG_CXX_LANGUAGE_STANDARD = "gnu++14";
				CLANG_CXX_LIBRARY = "libc++";
				CLANG_ENABLE_MODULES = YES;
				CLANG_ENABLE_OBJC_ARC = YES;
				CLANG_WARN_BLOCK_CAPTURE_AUTORELEASING = YES;
				CLANG_WARN_BOOL_CONVERSION = YES;
				CLANG_WARN_COMMA = YES;
				CLANG_WARN_CONSTANT_CONVERSION = YES;
				CLANG_WARN_DIRECT_OBJC_ISA_USAGE = YES_ERROR;
				CLANG_WARN_DOCUMENTATION_COMMENTS = YES;
				CLANG_WARN_EMPTY_BODY = YES;
				CLANG_WARN_ENUM_CONVERSION = YES;
				CLANG_WARN_INFINITE_RECURSION = YES;
				CLANG_WARN_INT_CONVERSION = YES;
				CLANG_WARN_NON_LITERAL_NULL_CONVERSION = YES;
				CLANG_WARN_OBJC_LITERAL_CONVERSION = YES;
				CLANG_WARN_OBJC_ROOT_CLASS = YES_ERROR;
				CLANG_WARN_RANGE_LOOP_ANALYSIS = YES;
				CLANG_WARN_STRICT_PROTOTYPES = YES;
				CLANG_WARN_SUSPICIOUS_MOVE = YES;
				CLANG_WARN_UNGUARDED_AVAILABILITY = YES_AGGRESSIVE;
				CLANG_WARN_UNREACHABLE_CODE = YES;
				CLANG_WARN__DUPLICATE_METHOD_MATCH = YES;
				CODE_SIGN_IDENTITY = "iPhone Developer";
				COPY_PHASE_STRIP = NO;
				DEBUG_INFORMATION_FORMAT = "dwarf-with-dsym";
				ENABLE_NS_ASSERTIONS = NO;
				ENABLE_STRICT_OBJC_MSGSEND = YES;
				GCC_C_LANGUAGE_STANDARD = gnu11;
				GCC_NO_COMMON_BLOCKS = YES;
				GCC_WARN_64_TO_32_BIT_CONVERSION = YES;
				GCC_WARN_ABOUT_RETURN_TYPE = YES_ERROR;
				GCC_WARN_UNDECLARED_SELECTOR = YES;
				GCC_WARN_UNINITIALIZED_AUTOS = YES_AGGRESSIVE;
				GCC_WARN_UNUSED_FUNCTION = YES;
				GCC_WARN_UNUSED_VARIABLE = YES;
				IPHONEOS_DEPLOYMENT_TARGET = 11.0;
				MTL_ENABLE_DEBUG_INFO = NO;
				SDKROOT = iphoneos;
				SWIFT_OPTIMIZATION_LEVEL = "-Owholemodule";
				VALIDATE_PRODUCT = YES;
			};
			name = Release;
		};
		B96949491F7C5E120054AB07 /* Debug */ = {
			isa = XCBuildConfiguration;
			buildSettings = {
				ASSETCATALOG_COMPILER_APPICON_NAME = AppIcon;
				CODE_SIGN_STYLE = Automatic;
				DEVELOPMENT_TEAM = S44SNCV32X;
				INFOPLIST_FILE = "Mood Tracker/Info.plist";
				IPHONEOS_DEPLOYMENT_TARGET = 11.0;
				LD_RUNPATH_SEARCH_PATHS = "$(inherited) @executable_path/Frameworks";
				PRODUCT_BUNDLE_IDENTIFIER = com.phyllisApps.moodTracker;
				PRODUCT_NAME = "$(TARGET_NAME)";
				SWIFT_VERSION = 4.0;
				TARGETED_DEVICE_FAMILY = "1,2";
			};
			name = Debug;
		};
		B969494A1F7C5E120054AB07 /* Release */ = {
			isa = XCBuildConfiguration;
			buildSettings = {
				ASSETCATALOG_COMPILER_APPICON_NAME = AppIcon;
				CODE_SIGN_STYLE = Automatic;
				DEVELOPMENT_TEAM = S44SNCV32X;
				INFOPLIST_FILE = "Mood Tracker/Info.plist";
				IPHONEOS_DEPLOYMENT_TARGET = 11.0;
				LD_RUNPATH_SEARCH_PATHS = "$(inherited) @executable_path/Frameworks";
				PRODUCT_BUNDLE_IDENTIFIER = com.phyllisApps.moodTracker;
				PRODUCT_NAME = "$(TARGET_NAME)";
				SWIFT_VERSION = 4.0;
				TARGETED_DEVICE_FAMILY = "1,2";
			};
			name = Release;
		};
		B969494C1F7C5E120054AB07 /* Debug */ = {
			isa = XCBuildConfiguration;
			buildSettings = {
				ALWAYS_EMBED_SWIFT_STANDARD_LIBRARIES = YES;
				BUNDLE_LOADER = "$(TEST_HOST)";
				CODE_SIGN_STYLE = Automatic;
				INFOPLIST_FILE = "Mood TrackerTests/Info.plist";
				LD_RUNPATH_SEARCH_PATHS = "$(inherited) @executable_path/Frameworks @loader_path/Frameworks";
				PRODUCT_BUNDLE_IDENTIFIER = "com.phyllisApps.moodTracker.Mood-TrackerTests";
				PRODUCT_NAME = "$(TARGET_NAME)";
				SWIFT_VERSION = 4.0;
				TARGETED_DEVICE_FAMILY = "1,2";
				TEST_HOST = "$(BUILT_PRODUCTS_DIR)/Mood Tracker.app/Mood Tracker";
			};
			name = Debug;
		};
		B969494D1F7C5E120054AB07 /* Release */ = {
			isa = XCBuildConfiguration;
			buildSettings = {
				ALWAYS_EMBED_SWIFT_STANDARD_LIBRARIES = YES;
				BUNDLE_LOADER = "$(TEST_HOST)";
				CODE_SIGN_STYLE = Automatic;
				INFOPLIST_FILE = "Mood TrackerTests/Info.plist";
				LD_RUNPATH_SEARCH_PATHS = "$(inherited) @executable_path/Frameworks @loader_path/Frameworks";
				PRODUCT_BUNDLE_IDENTIFIER = "com.phyllisApps.moodTracker.Mood-TrackerTests";
				PRODUCT_NAME = "$(TARGET_NAME)";
				SWIFT_VERSION = 4.0;
				TARGETED_DEVICE_FAMILY = "1,2";
				TEST_HOST = "$(BUILT_PRODUCTS_DIR)/Mood Tracker.app/Mood Tracker";
			};
			name = Release;
		};
		B969494F1F7C5E120054AB07 /* Debug */ = {
			isa = XCBuildConfiguration;
			buildSettings = {
				ALWAYS_EMBED_SWIFT_STANDARD_LIBRARIES = YES;
				CODE_SIGN_STYLE = Automatic;
				INFOPLIST_FILE = "Mood TrackerUITests/Info.plist";
				LD_RUNPATH_SEARCH_PATHS = "$(inherited) @executable_path/Frameworks @loader_path/Frameworks";
				PRODUCT_BUNDLE_IDENTIFIER = "com.phyllisApps.moodTracker.Mood-TrackerUITests";
				PRODUCT_NAME = "$(TARGET_NAME)";
				SWIFT_VERSION = 4.0;
				TARGETED_DEVICE_FAMILY = "1,2";
				TEST_TARGET_NAME = "Mood Tracker";
			};
			name = Debug;
		};
		B96949501F7C5E120054AB07 /* Release */ = {
			isa = XCBuildConfiguration;
			buildSettings = {
				ALWAYS_EMBED_SWIFT_STANDARD_LIBRARIES = YES;
				CODE_SIGN_STYLE = Automatic;
				INFOPLIST_FILE = "Mood TrackerUITests/Info.plist";
				LD_RUNPATH_SEARCH_PATHS = "$(inherited) @executable_path/Frameworks @loader_path/Frameworks";
				PRODUCT_BUNDLE_IDENTIFIER = "com.phyllisApps.moodTracker.Mood-TrackerUITests";
				PRODUCT_NAME = "$(TARGET_NAME)";
				SWIFT_VERSION = 4.0;
				TARGETED_DEVICE_FAMILY = "1,2";
				TEST_TARGET_NAME = "Mood Tracker";
			};
			name = Release;
		};
/* End XCBuildConfiguration section */

/* Begin XCConfigurationList section */
		B969491B1F7C5E120054AB07 /* Build configuration list for PBXProject "Mood Tracker" */ = {
			isa = XCConfigurationList;
			buildConfigurations = (
				B96949461F7C5E120054AB07 /* Debug */,
				B96949471F7C5E120054AB07 /* Release */,
			);
			defaultConfigurationIsVisible = 0;
			defaultConfigurationName = Release;
		};
		B96949481F7C5E120054AB07 /* Build configuration list for PBXNativeTarget "Mood Tracker" */ = {
			isa = XCConfigurationList;
			buildConfigurations = (
				B96949491F7C5E120054AB07 /* Debug */,
				B969494A1F7C5E120054AB07 /* Release */,
			);
			defaultConfigurationIsVisible = 0;
			defaultConfigurationName = Release;
		};
		B969494B1F7C5E120054AB07 /* Build configuration list for PBXNativeTarget "Mood TrackerTests" */ = {
			isa = XCConfigurationList;
			buildConfigurations = (
				B969494C1F7C5E120054AB07 /* Debug */,
				B969494D1F7C5E120054AB07 /* Release */,
			);
			defaultConfigurationIsVisible = 0;
			defaultConfigurationName = Release;
		};
		B969494E1F7C5E120054AB07 /* Build configuration list for PBXNativeTarget "Mood TrackerUITests" */ = {
			isa = XCConfigurationList;
			buildConfigurations = (
				B969494F1F7C5E120054AB07 /* Debug */,
				B96949501F7C5E120054AB07 /* Release */,
			);
			defaultConfigurationIsVisible = 0;
			defaultConfigurationName = Release;
		};
/* End XCConfigurationList section */
	};
	rootObject = B96949181F7C5E120054AB07 /* Project object */;
}
